
Microsoft Visual Studio Solution File, Format Version 12.00
# Visual Studio Version 16
VisualStudioVersion = 16.0.31105.61
MinimumVisualStudioVersion = 10.0.40219.1
Project("{888888A0-9F3D-457C-B088-3A5042F75D52}") = "TextToSpeech", "TextToSpeech.pyproj", "{055E03E7-CA90-4159-A337-85A4BCD16F04}"
EndProject
Global
	GlobalSection(SolutionConfigurationPlatforms) = preSolution
		Debug|Any CPU = Debug|Any CPU
		Release|Any CPU = Release|Any CPU
	EndGlobalSection
	GlobalSection(ProjectConfigurationPlatforms) = postSolution
		{055E03E7-CA90-4159-A337-85A4BCD16F04}.Debug|Any CPU.ActiveCfg = Debug|Any CPU
		{055E03E7-CA90-4159-A337-85A4BCD16F04}.Release|Any CPU.ActiveCfg = Release|Any CPU
	EndGlobalSection
	GlobalSection(SolutionProperties) = preSolution
		HideSolutionNode = FALSE
	EndGlobalSection
	GlobalSection(ExtensibilityGlobals) = postSolution
		SolutionGuid = {75973D1D-5147-4181-80E8-FB922F870CAA}
	EndGlobalSection
EndGlobal
